// !$*UTF8*$!
{
	archiveVersion = 1;
	classes = {
	};
	objectVersion = 46;
	objects = {

/* Begin PBXBuildFile section */
		0BA99F1DD5E189EDF7CCE15B /* Pods_tictactoeUITests.framework in Frameworks */ = {isa = PBXBuildFile; fileRef = 43A1A540FCECCE63E69A4DF8 /* Pods_tictactoeUITests.framework */; };
		7BB13F685FAFF0FE2C185DE6 /* Pods_tictactoe.framework in Frameworks */ = {isa = PBXBuildFile; fileRef = 24D7532E2CE2338B8AAA801B /* Pods_tictactoe.framework */; };
		965C40E21D0B83F1003A5F44 /* Game.swift in Sources */ = {isa = PBXBuildFile; fileRef = 965C40E11D0B83F1003A5F44 /* Game.swift */; };
		965C40E41D0B84C4003A5F44 /* Mutate.swift in Sources */ = {isa = PBXBuildFile; fileRef = 965C40E31D0B84C4003A5F44 /* Mutate.swift */; };
		965C40E61D0B85EE003A5F44 /* SubscriberDelegate.swift in Sources */ = {isa = PBXBuildFile; fileRef = 965C40E51D0B85EE003A5F44 /* SubscriberDelegate.swift */; };
		965C40EA1D0C29DB003A5F44 /* URWGeometric-ExtraBold.otf in Resources */ = {isa = PBXBuildFile; fileRef = 965C40E91D0C29DB003A5F44 /* URWGeometric-ExtraBold.otf */; };
		969FECC21D007D7A002A708C /* AppDelegate.swift in Sources */ = {isa = PBXBuildFile; fileRef = 969FECC11D007D7A002A708C /* AppDelegate.swift */; };
		969FECC71D007D7A002A708C /* Main.storyboard in Resources */ = {isa = PBXBuildFile; fileRef = 969FECC51D007D7A002A708C /* Main.storyboard */; };
		969FECC91D007D7A002A708C /* Assets.xcassets in Resources */ = {isa = PBXBuildFile; fileRef = 969FECC81D007D7A002A708C /* Assets.xcassets */; };
		969FECCC1D007D7A002A708C /* LaunchScreen.storyboard in Resources */ = {isa = PBXBuildFile; fileRef = 969FECCA1D007D7A002A708C /* LaunchScreen.storyboard */; };
		969FECD71D007D7A002A708C /* tictactoeTests.swift in Sources */ = {isa = PBXBuildFile; fileRef = 969FECD61D007D7A002A708C /* tictactoeTests.swift */; };
		969FECE21D007D7A002A708C /* tictactoeUITests.swift in Sources */ = {isa = PBXBuildFile; fileRef = 969FECE11D007D7A002A708C /* tictactoeUITests.swift */; };
		96BEC94D1D0A064F0000D0B3 /* GameViewController.swift in Sources */ = {isa = PBXBuildFile; fileRef = 96BEC94C1D0A064F0000D0B3 /* GameViewController.swift */; };
		96BEC9511D0A0C1D0000D0B3 /* UIFieldView.swift in Sources */ = {isa = PBXBuildFile; fileRef = 96BEC9501D0A0C1D0000D0B3 /* UIFieldView.swift */; };
		96C04EA61D11C46B001F7200 /* Random.swift in Sources */ = {isa = PBXBuildFile; fileRef = 96C04EA51D11C46B001F7200 /* Random.swift */; };
		96F6EC3A1D060766004D98D9 /* MenuViewController.swift in Sources */ = {isa = PBXBuildFile; fileRef = 96F6EC391D060766004D98D9 /* MenuViewController.swift */; };
		EAC36D7C01C0B8EA91778F34 /* Pods_tictactoeTests.framework in Frameworks */ = {isa = PBXBuildFile; fileRef = AB060F3AE2820C7D433BED63 /* Pods_tictactoeTests.framework */; };
/* End PBXBuildFile section */

/* Begin PBXContainerItemProxy section */
		969FECD31D007D7A002A708C /* PBXContainerItemProxy */ = {
			isa = PBXContainerItemProxy;
			containerPortal = 969FECB61D007D79002A708C /* Project object */;
			proxyType = 1;
			remoteGlobalIDString = 969FECBD1D007D79002A708C;
			remoteInfo = tictactoe;
		};
		969FECDE1D007D7A002A708C /* PBXContainerItemProxy */ = {
			isa = PBXContainerItemProxy;
			containerPortal = 969FECB61D007D79002A708C /* Project object */;
			proxyType = 1;
			remoteGlobalIDString = 969FECBD1D007D79002A708C;
			remoteInfo = tictactoe;
		};
/* End PBXContainerItemProxy section */

/* Begin PBXFileReference section */
		15AFB34903A552235FFDC768 /* Pods-tictactoeUITests.debug.xcconfig */ = {isa = PBXFileReference; includeInIndex = 1; lastKnownFileType = text.xcconfig; name = "Pods-tictactoeUITests.debug.xcconfig"; path = "Pods/Target Support Files/Pods-tictactoeUITests/Pods-tictactoeUITests.debug.xcconfig"; sourceTree = "<group>"; };
		209E3B970F23C2ED116CC593 /* Pods-tictactoe.release.xcconfig */ = {isa = PBXFileReference; includeInIndex = 1; lastKnownFileType = text.xcconfig; name = "Pods-tictactoe.release.xcconfig"; path = "Pods/Target Support Files/Pods-tictactoe/Pods-tictactoe.release.xcconfig"; sourceTree = "<group>"; };
		24D7532E2CE2338B8AAA801B /* Pods_tictactoe.framework */ = {isa = PBXFileReference; explicitFileType = wrapper.framework; includeInIndex = 0; path = Pods_tictactoe.framework; sourceTree = BUILT_PRODUCTS_DIR; };
		43A1A540FCECCE63E69A4DF8 /* Pods_tictactoeUITests.framework */ = {isa = PBXFileReference; explicitFileType = wrapper.framework; includeInIndex = 0; path = Pods_tictactoeUITests.framework; sourceTree = BUILT_PRODUCTS_DIR; };
		44FDD04E30EAC9D39EEB9298 /* Pods-tictactoeTests.debug.xcconfig */ = {isa = PBXFileReference; includeInIndex = 1; lastKnownFileType = text.xcconfig; name = "Pods-tictactoeTests.debug.xcconfig"; path = "Pods/Target Support Files/Pods-tictactoeTests/Pods-tictactoeTests.debug.xcconfig"; sourceTree = "<group>"; };
		51184CB3BAE4372EC8C3D4F4 /* Pods-tictactoe.debug.xcconfig */ = {isa = PBXFileReference; includeInIndex = 1; lastKnownFileType = text.xcconfig; name = "Pods-tictactoe.debug.xcconfig"; path = "Pods/Target Support Files/Pods-tictactoe/Pods-tictactoe.debug.xcconfig"; sourceTree = "<group>"; };
		765FB6917C5EC4EE1ACBA189 /* Pods-tictactoeTests.release.xcconfig */ = {isa = PBXFileReference; includeInIndex = 1; lastKnownFileType = text.xcconfig; name = "Pods-tictactoeTests.release.xcconfig"; path = "Pods/Target Support Files/Pods-tictactoeTests/Pods-tictactoeTests.release.xcconfig"; sourceTree = "<group>"; };
		965C40E11D0B83F1003A5F44 /* Game.swift */ = {isa = PBXFileReference; fileEncoding = 4; lastKnownFileType = sourcecode.swift; path = Game.swift; sourceTree = "<group>"; };
		965C40E31D0B84C4003A5F44 /* Mutate.swift */ = {isa = PBXFileReference; fileEncoding = 4; lastKnownFileType = sourcecode.swift; path = Mutate.swift; sourceTree = "<group>"; };
		965C40E51D0B85EE003A5F44 /* SubscriberDelegate.swift */ = {isa = PBXFileReference; fileEncoding = 4; lastKnownFileType = sourcecode.swift; path = SubscriberDelegate.swift; sourceTree = "<group>"; };
		965C40E91D0C29DB003A5F44 /* URWGeometric-ExtraBold.otf */ = {isa = PBXFileReference; lastKnownFileType = file; path = "URWGeometric-ExtraBold.otf"; sourceTree = "<group>"; };
		969FECBE1D007D79002A708C /* tictactoe.app */ = {isa = PBXFileReference; explicitFileType = wrapper.application; includeInIndex = 0; path = tictactoe.app; sourceTree = BUILT_PRODUCTS_DIR; };
		969FECC11D007D7A002A708C /* AppDelegate.swift */ = {isa = PBXFileReference; lastKnownFileType = sourcecode.swift; path = AppDelegate.swift; sourceTree = "<group>"; };
		969FECC61D007D7A002A708C /* Base */ = {isa = PBXFileReference; lastKnownFileType = file.storyboard; name = Base; path = Base.lproj/Main.storyboard; sourceTree = "<group>"; };
		969FECC81D007D7A002A708C /* Assets.xcassets */ = {isa = PBXFileReference; lastKnownFileType = folder.assetcatalog; path = Assets.xcassets; sourceTree = "<group>"; };
		969FECCB1D007D7A002A708C /* Base */ = {isa = PBXFileReference; lastKnownFileType = file.storyboard; name = Base; path = Base.lproj/LaunchScreen.storyboard; sourceTree = "<group>"; };
		969FECCD1D007D7A002A708C /* Info.plist */ = {isa = PBXFileReference; lastKnownFileType = text.plist.xml; path = Info.plist; sourceTree = "<group>"; };
		969FECD21D007D7A002A708C /* tictactoeTests.xctest */ = {isa = PBXFileReference; explicitFileType = wrapper.cfbundle; includeInIndex = 0; path = tictactoeTests.xctest; sourceTree = BUILT_PRODUCTS_DIR; };
		969FECD61D007D7A002A708C /* tictactoeTests.swift */ = {isa = PBXFileReference; lastKnownFileType = sourcecode.swift; path = tictactoeTests.swift; sourceTree = "<group>"; };
		969FECD81D007D7A002A708C /* Info.plist */ = {isa = PBXFileReference; lastKnownFileType = text.plist.xml; path = Info.plist; sourceTree = "<group>"; };
		969FECDD1D007D7A002A708C /* tictactoeUITests.xctest */ = {isa = PBXFileReference; explicitFileType = wrapper.cfbundle; includeInIndex = 0; path = tictactoeUITests.xctest; sourceTree = BUILT_PRODUCTS_DIR; };
		969FECE11D007D7A002A708C /* tictactoeUITests.swift */ = {isa = PBXFileReference; lastKnownFileType = sourcecode.swift; path = tictactoeUITests.swift; sourceTree = "<group>"; };
		969FECE31D007D7A002A708C /* Info.plist */ = {isa = PBXFileReference; lastKnownFileType = text.plist.xml; path = Info.plist; sourceTree = "<group>"; };
		96BEC94C1D0A064F0000D0B3 /* GameViewController.swift */ = {isa = PBXFileReference; fileEncoding = 4; lastKnownFileType = sourcecode.swift; name = GameViewController.swift; path = Views/GameViewController.swift; sourceTree = "<group>"; };
		96BEC9501D0A0C1D0000D0B3 /* UIFieldView.swift */ = {isa = PBXFileReference; fileEncoding = 4; lastKnownFileType = sourcecode.swift; name = UIFieldView.swift; path = Views/UIFieldView.swift; sourceTree = "<group>"; };
		96C04EA51D11C46B001F7200 /* Random.swift */ = {isa = PBXFileReference; fileEncoding = 4; lastKnownFileType = sourcecode.swift; name = Random.swift; path = Resources/Extensions/Random.swift; sourceTree = "<group>"; };
		96F6EC391D060766004D98D9 /* MenuViewController.swift */ = {isa = PBXFileReference; fileEncoding = 4; lastKnownFileType = sourcecode.swift; name = MenuViewController.swift; path = Views/MenuViewController.swift; sourceTree = "<group>"; };
		AB060F3AE2820C7D433BED63 /* Pods_tictactoeTests.framework */ = {isa = PBXFileReference; explicitFileType = wrapper.framework; includeInIndex = 0; path = Pods_tictactoeTests.framework; sourceTree = BUILT_PRODUCTS_DIR; };
		CA3822EB5A29B7242F672D81 /* Pods-tictactoeUITests.release.xcconfig */ = {isa = PBXFileReference; includeInIndex = 1; lastKnownFileType = text.xcconfig; name = "Pods-tictactoeUITests.release.xcconfig"; path = "Pods/Target Support Files/Pods-tictactoeUITests/Pods-tictactoeUITests.release.xcconfig"; sourceTree = "<group>"; };
/* End PBXFileReference section */

/* Begin PBXFrameworksBuildPhase section */
		969FECBB1D007D79002A708C /* Frameworks */ = {
			isa = PBXFrameworksBuildPhase;
			buildActionMask = 2147483647;
			files = (
				7BB13F685FAFF0FE2C185DE6 /* Pods_tictactoe.framework in Frameworks */,
			);
			runOnlyForDeploymentPostprocessing = 0;
		};
		969FECCF1D007D7A002A708C /* Frameworks */ = {
			isa = PBXFrameworksBuildPhase;
			buildActionMask = 2147483647;
			files = (
				EAC36D7C01C0B8EA91778F34 /* Pods_tictactoeTests.framework in Frameworks */,
			);
			runOnlyForDeploymentPostprocessing = 0;
		};
		969FECDA1D007D7A002A708C /* Frameworks */ = {
			isa = PBXFrameworksBuildPhase;
			buildActionMask = 2147483647;
			files = (
				0BA99F1DD5E189EDF7CCE15B /* Pods_tictactoeUITests.framework in Frameworks */,
			);
			runOnlyForDeploymentPostprocessing = 0;
		};
/* End PBXFrameworksBuildPhase section */

/* Begin PBXGroup section */
		25843E4E32554686DF1930F3 /* Pods */ = {
			isa = PBXGroup;
			children = (
				51184CB3BAE4372EC8C3D4F4 /* Pods-tictactoe.debug.xcconfig */,
				209E3B970F23C2ED116CC593 /* Pods-tictactoe.release.xcconfig */,
				44FDD04E30EAC9D39EEB9298 /* Pods-tictactoeTests.debug.xcconfig */,
				765FB6917C5EC4EE1ACBA189 /* Pods-tictactoeTests.release.xcconfig */,
				15AFB34903A552235FFDC768 /* Pods-tictactoeUITests.debug.xcconfig */,
				CA3822EB5A29B7242F672D81 /* Pods-tictactoeUITests.release.xcconfig */,
			);
			name = Pods;
			sourceTree = "<group>";
		};
		60601AC7684B10EE371DF264 /* Frameworks */ = {
			isa = PBXGroup;
			children = (
				24D7532E2CE2338B8AAA801B /* Pods_tictactoe.framework */,
				AB060F3AE2820C7D433BED63 /* Pods_tictactoeTests.framework */,
				43A1A540FCECCE63E69A4DF8 /* Pods_tictactoeUITests.framework */,
			);
			name = Frameworks;
			sourceTree = "<group>";
		};
		965C40E01D0B83F1003A5F44 /* Game */ = {
			isa = PBXGroup;
			children = (
				965C40E11D0B83F1003A5F44 /* Game.swift */,
				965C40E31D0B84C4003A5F44 /* Mutate.swift */,
			);
			path = Game;
			sourceTree = "<group>";
		};
		965C40E71D0C29DB003A5F44 /* Fonts */ = {
			isa = PBXGroup;
			children = (
				965C40E81D0C29DB003A5F44 /* URWGeometric */,
			);
			name = Fonts;
			path = Resources/Fonts;
			sourceTree = "<group>";
		};
		965C40E81D0C29DB003A5F44 /* URWGeometric */ = {
			isa = PBXGroup;
			children = (
				965C40E91D0C29DB003A5F44 /* URWGeometric-ExtraBold.otf */,
			);
			path = URWGeometric;
			sourceTree = "<group>";
		};
		969FECB51D007D79002A708C = {
			isa = PBXGroup;
			children = (
				969FECC01D007D7A002A708C /* tictactoe */,
				969FECD51D007D7A002A708C /* tictactoeTests */,
				969FECE01D007D7A002A708C /* tictactoeUITests */,
				969FECBF1D007D79002A708C /* Products */,
				25843E4E32554686DF1930F3 /* Pods */,
				60601AC7684B10EE371DF264 /* Frameworks */,
			);
			sourceTree = "<group>";
		};
		969FECBF1D007D79002A708C /* Products */ = {
			isa = PBXGroup;
			children = (
				969FECBE1D007D79002A708C /* tictactoe.app */,
				969FECD21D007D7A002A708C /* tictactoeTests.xctest */,
				969FECDD1D007D7A002A708C /* tictactoeUITests.xctest */,
			);
			name = Products;
			sourceTree = "<group>";
		};
		969FECC01D007D7A002A708C /* tictactoe */ = {
			isa = PBXGroup;
			children = (
				96C04EA41D11C460001F7200 /* Resources */,
				96F6EC3B1D06076B004D98D9 /* Views */,
				965C40E01D0B83F1003A5F44 /* Game */,
				969FECC11D007D7A002A708C /* AppDelegate.swift */,
				969FECC81D007D7A002A708C /* Assets.xcassets */,
				969FECC51D007D7A002A708C /* Main.storyboard */,
				965C40E51D0B85EE003A5F44 /* SubscriberDelegate.swift */,
				969FECCA1D007D7A002A708C /* LaunchScreen.storyboard */,
				969FECCD1D007D7A002A708C /* Info.plist */,
			);
			path = tictactoe;
			sourceTree = "<group>";
		};
		969FECD51D007D7A002A708C /* tictactoeTests */ = {
			isa = PBXGroup;
			children = (
				969FECD61D007D7A002A708C /* tictactoeTests.swift */,
				969FECD81D007D7A002A708C /* Info.plist */,
			);
			path = tictactoeTests;
			sourceTree = "<group>";
		};
		969FECE01D007D7A002A708C /* tictactoeUITests */ = {
			isa = PBXGroup;
			children = (
				969FECE11D007D7A002A708C /* tictactoeUITests.swift */,
				969FECE31D007D7A002A708C /* Info.plist */,
			);
			path = tictactoeUITests;
			sourceTree = "<group>";
		};
		96C04EA41D11C460001F7200 /* Resources */ = {
			isa = PBXGroup;
			children = (
				96C04EA71D11C46F001F7200 /* Extensions */,
				965C40E71D0C29DB003A5F44 /* Fonts */,
			);
			name = Resources;
			sourceTree = "<group>";
		};
		96C04EA71D11C46F001F7200 /* Extensions */ = {
			isa = PBXGroup;
			children = (
				96C04EA51D11C46B001F7200 /* Random.swift */,
			);
			name = Extensions;
			sourceTree = "<group>";
		};
		96F6EC3B1D06076B004D98D9 /* Views */ = {
			isa = PBXGroup;
			children = (
				96F6EC391D060766004D98D9 /* MenuViewController.swift */,
				96BEC94C1D0A064F0000D0B3 /* GameViewController.swift */,
				96BEC9501D0A0C1D0000D0B3 /* UIFieldView.swift */,
			);
			name = Views;
			sourceTree = "<group>";
		};
/* End PBXGroup section */

/* Begin PBXNativeTarget section */
		969FECBD1D007D79002A708C /* tictactoe */ = {
			isa = PBXNativeTarget;
			buildConfigurationList = 969FECE61D007D7A002A708C /* Build configuration list for PBXNativeTarget "tictactoe" */;
			buildPhases = (
				F4628ED90C1531F7D963FB96 /* 📦 Check Pods Manifest.lock */,
				969FECBA1D007D79002A708C /* Sources */,
				969FECBB1D007D79002A708C /* Frameworks */,
				969FECBC1D007D79002A708C /* Resources */,
				AD8A8BBC8694C2363CCD5A93 /* 📦 Embed Pods Frameworks */,
				071740D941B6BEC5B45608CA /* 📦 Copy Pods Resources */,
			);
			buildRules = (
			);
			dependencies = (
			);
			name = tictactoe;
			productName = tictactoe;
			productReference = 969FECBE1D007D79002A708C /* tictactoe.app */;
			productType = "com.apple.product-type.application";
		};
		969FECD11D007D7A002A708C /* tictactoeTests */ = {
			isa = PBXNativeTarget;
			buildConfigurationList = 969FECE91D007D7A002A708C /* Build configuration list for PBXNativeTarget "tictactoeTests" */;
			buildPhases = (
				BCBD83BB723C81B7F24F83BB /* 📦 Check Pods Manifest.lock */,
				969FECCE1D007D7A002A708C /* Sources */,
				969FECCF1D007D7A002A708C /* Frameworks */,
				969FECD01D007D7A002A708C /* Resources */,
				DFF92C28A2F46DEC8A3A0F7E /* 📦 Embed Pods Frameworks */,
				4D0D63379147150FDCDFE490 /* 📦 Copy Pods Resources */,
			);
			buildRules = (
			);
			dependencies = (
				969FECD41D007D7A002A708C /* PBXTargetDependency */,
			);
			name = tictactoeTests;
			productName = tictactoeTests;
			productReference = 969FECD21D007D7A002A708C /* tictactoeTests.xctest */;
			productType = "com.apple.product-type.bundle.unit-test";
		};
		969FECDC1D007D7A002A708C /* tictactoeUITests */ = {
			isa = PBXNativeTarget;
			buildConfigurationList = 969FECEC1D007D7A002A708C /* Build configuration list for PBXNativeTarget "tictactoeUITests" */;
			buildPhases = (
				AA35956FB19D979DCA2BE14D /* 📦 Check Pods Manifest.lock */,
				969FECD91D007D7A002A708C /* Sources */,
				969FECDA1D007D7A002A708C /* Frameworks */,
				969FECDB1D007D7A002A708C /* Resources */,
				A7877D6B0818DDEA70CFE7F1 /* 📦 Copy Pods Resources */,
			);
			buildRules = (
			);
			dependencies = (
				969FECDF1D007D7A002A708C /* PBXTargetDependency */,
			);
			name = tictactoeUITests;
			productName = tictactoeUITests;
			productReference = 969FECDD1D007D7A002A708C /* tictactoeUITests.xctest */;
			productType = "com.apple.product-type.bundle.ui-testing";
		};
/* End PBXNativeTarget section */

/* Begin PBXProject section */
		969FECB61D007D79002A708C /* Project object */ = {
			isa = PBXProject;
			attributes = {
				LastSwiftUpdateCheck = 0730;
				LastUpgradeCheck = 0730;
				ORGANIZATIONNAME = seeout;
				TargetAttributes = {
					969FECBD1D007D79002A708C = {
						CreatedOnToolsVersion = 7.3;
					};
					969FECD11D007D7A002A708C = {
						CreatedOnToolsVersion = 7.3;
						TestTargetID = 969FECBD1D007D79002A708C;
					};
					969FECDC1D007D7A002A708C = {
						CreatedOnToolsVersion = 7.3;
						TestTargetID = 969FECBD1D007D79002A708C;
					};
				};
			};
			buildConfigurationList = 969FECB91D007D79002A708C /* Build configuration list for PBXProject "tictactoe" */;
			compatibilityVersion = "Xcode 3.2";
			developmentRegion = English;
			hasScannedForEncodings = 0;
			knownRegions = (
				en,
				Base,
			);
			mainGroup = 969FECB51D007D79002A708C;
			productRefGroup = 969FECBF1D007D79002A708C /* Products */;
			projectDirPath = "";
			projectRoot = "";
			targets = (
				969FECBD1D007D79002A708C /* tictactoe */,
				969FECD11D007D7A002A708C /* tictactoeTests */,
				969FECDC1D007D7A002A708C /* tictactoeUITests */,
			);
		};
/* End PBXProject section */

/* Begin PBXResourcesBuildPhase section */
		969FECBC1D007D79002A708C /* Resources */ = {
			isa = PBXResourcesBuildPhase;
			buildActionMask = 2147483647;
			files = (
				965C40EA1D0C29DB003A5F44 /* URWGeometric-ExtraBold.otf in Resources */,
				969FECCC1D007D7A002A708C /* LaunchScreen.storyboard in Resources */,
				969FECC91D007D7A002A708C /* Assets.xcassets in Resources */,
				969FECC71D007D7A002A708C /* Main.storyboard in Resources */,
			);
			runOnlyForDeploymentPostprocessing = 0;
		};
		969FECD01D007D7A002A708C /* Resources */ = {
			isa = PBXResourcesBuildPhase;
			buildActionMask = 2147483647;
			files = (
			);
			runOnlyForDeploymentPostprocessing = 0;
		};
		969FECDB1D007D7A002A708C /* Resources */ = {
			isa = PBXResourcesBuildPhase;
			buildActionMask = 2147483647;
			files = (
			);
			runOnlyForDeploymentPostprocessing = 0;
		};
/* End PBXResourcesBuildPhase section */

/* Begin PBXShellScriptBuildPhase section */
		071740D941B6BEC5B45608CA /* 📦 Copy Pods Resources */ = {
			isa = PBXShellScriptBuildPhase;
			buildActionMask = 2147483647;
			files = (
			);
			inputPaths = (
			);
			name = "📦 Copy Pods Resources";
			outputPaths = (
			);
			runOnlyForDeploymentPostprocessing = 0;
			shellPath = /bin/sh;
			shellScript = "\"${SRCROOT}/Pods/Target Support Files/Pods-tictactoe/Pods-tictactoe-resources.sh\"\n";
			showEnvVarsInLog = 0;
		};
		4D0D63379147150FDCDFE490 /* 📦 Copy Pods Resources */ = {
			isa = PBXShellScriptBuildPhase;
			buildActionMask = 2147483647;
			files = (
			);
			inputPaths = (
			);
			name = "📦 Copy Pods Resources";
			outputPaths = (
			);
			runOnlyForDeploymentPostprocessing = 0;
			shellPath = /bin/sh;
			shellScript = "\"${SRCROOT}/Pods/Target Support Files/Pods-tictactoeTests/Pods-tictactoeTests-resources.sh\"\n";
			showEnvVarsInLog = 0;
		};
		A7877D6B0818DDEA70CFE7F1 /* 📦 Copy Pods Resources */ = {
			isa = PBXShellScriptBuildPhase;
			buildActionMask = 2147483647;
			files = (
			);
			inputPaths = (
			);
			name = "📦 Copy Pods Resources";
			outputPaths = (
			);
			runOnlyForDeploymentPostprocessing = 0;
			shellPath = /bin/sh;
			shellScript = "\"${SRCROOT}/Pods/Target Support Files/Pods-tictactoeUITests/Pods-tictactoeUITests-resources.sh\"\n";
			showEnvVarsInLog = 0;
		};
		AA35956FB19D979DCA2BE14D /* 📦 Check Pods Manifest.lock */ = {
			isa = PBXShellScriptBuildPhase;
			buildActionMask = 2147483647;
			files = (
			);
			inputPaths = (
			);
			name = "📦 Check Pods Manifest.lock";
			outputPaths = (
			);
			runOnlyForDeploymentPostprocessing = 0;
			shellPath = /bin/sh;
			shellScript = "diff \"${PODS_ROOT}/../Podfile.lock\" \"${PODS_ROOT}/Manifest.lock\" > /dev/null\nif [[ $? != 0 ]] ; then\n    cat << EOM\nerror: The sandbox is not in sync with the Podfile.lock. Run 'pod install' or update your CocoaPods installation.\nEOM\n    exit 1\nfi\n";
			showEnvVarsInLog = 0;
		};
		AD8A8BBC8694C2363CCD5A93 /* 📦 Embed Pods Frameworks */ = {
			isa = PBXShellScriptBuildPhase;
			buildActionMask = 2147483647;
			files = (
			);
			inputPaths = (
			);
			name = "📦 Embed Pods Frameworks";
			outputPaths = (
			);
			runOnlyForDeploymentPostprocessing = 0;
			shellPath = /bin/sh;
			shellScript = "\"${SRCROOT}/Pods/Target Support Files/Pods-tictactoe/Pods-tictactoe-frameworks.sh\"\n";
			showEnvVarsInLog = 0;
		};
		BCBD83BB723C81B7F24F83BB /* 📦 Check Pods Manifest.lock */ = {
			isa = PBXShellScriptBuildPhase;
			buildActionMask = 2147483647;
			files = (
			);
			inputPaths = (
			);
			name = "📦 Check Pods Manifest.lock";
			outputPaths = (
			);
			runOnlyForDeploymentPostprocessing = 0;
			shellPath = /bin/sh;
			shellScript = "diff \"${PODS_ROOT}/../Podfile.lock\" \"${PODS_ROOT}/Manifest.lock\" > /dev/null\nif [[ $? != 0 ]] ; then\n    cat << EOM\nerror: The sandbox is not in sync with the Podfile.lock. Run 'pod install' or update your CocoaPods installation.\nEOM\n    exit 1\nfi\n";
			showEnvVarsInLog = 0;
		};
		DFF92C28A2F46DEC8A3A0F7E /* 📦 Embed Pods Frameworks */ = {
			isa = PBXShellScriptBuildPhase;
			buildActionMask = 2147483647;
			files = (
			);
			inputPaths = (
			);
			name = "📦 Embed Pods Frameworks";
			outputPaths = (
			);
			runOnlyForDeploymentPostprocessing = 0;
			shellPath = /bin/sh;
			shellScript = "\"${SRCROOT}/Pods/Target Support Files/Pods-tictactoeTests/Pods-tictactoeTests-frameworks.sh\"\n";
			showEnvVarsInLog = 0;
		};
		F4628ED90C1531F7D963FB96 /* 📦 Check Pods Manifest.lock */ = {
			isa = PBXShellScriptBuildPhase;
			buildActionMask = 2147483647;
			files = (
			);
			inputPaths = (
			);
			name = "📦 Check Pods Manifest.lock";
			outputPaths = (
			);
			runOnlyForDeploymentPostprocessing = 0;
			shellPath = /bin/sh;
			shellScript = "diff \"${PODS_ROOT}/../Podfile.lock\" \"${PODS_ROOT}/Manifest.lock\" > /dev/null\nif [[ $? != 0 ]] ; then\n    cat << EOM\nerror: The sandbox is not in sync with the Podfile.lock. Run 'pod install' or update your CocoaPods installation.\nEOM\n    exit 1\nfi\n";
			showEnvVarsInLog = 0;
		};
/* End PBXShellScriptBuildPhase section */

/* Begin PBXSourcesBuildPhase section */
		969FECBA1D007D79002A708C /* Sources */ = {
			isa = PBXSourcesBuildPhase;
			buildActionMask = 2147483647;
			files = (
				96C04EA61D11C46B001F7200 /* Random.swift in Sources */,
				969FECC21D007D7A002A708C /* AppDelegate.swift in Sources */,
				965C40E61D0B85EE003A5F44 /* SubscriberDelegate.swift in Sources */,
				965C40E41D0B84C4003A5F44 /* Mutate.swift in Sources */,
				965C40E21D0B83F1003A5F44 /* Game.swift in Sources */,
				96BEC9511D0A0C1D0000D0B3 /* UIFieldView.swift in Sources */,
				96BEC94D1D0A064F0000D0B3 /* GameViewController.swift in Sources */,
				96F6EC3A1D060766004D98D9 /* MenuViewController.swift in Sources */,
			);
			runOnlyForDeploymentPostprocessing = 0;
		};
		969FECCE1D007D7A002A708C /* Sources */ = {
			isa = PBXSourcesBuildPhase;
			buildActionMask = 2147483647;
			files = (
				969FECD71D007D7A002A708C /* tictactoeTests.swift in Sources */,
			);
			runOnlyForDeploymentPostprocessing = 0;
		};
		969FECD91D007D7A002A708C /* Sources */ = {
			isa = PBXSourcesBuildPhase;
			buildActionMask = 2147483647;
			files = (
				969FECE21D007D7A002A708C /* tictactoeUITests.swift in Sources */,
			);
			runOnlyForDeploymentPostprocessing = 0;
		};
/* End PBXSourcesBuildPhase section */

/* Begin PBXTargetDependency section */
		969FECD41D007D7A002A708C /* PBXTargetDependency */ = {
			isa = PBXTargetDependency;
			target = 969FECBD1D007D79002A708C /* tictactoe */;
			targetProxy = 969FECD31D007D7A002A708C /* PBXContainerItemProxy */;
		};
		969FECDF1D007D7A002A708C /* PBXTargetDependency */ = {
			isa = PBXTargetDependency;
			target = 969FECBD1D007D79002A708C /* tictactoe */;
			targetProxy = 969FECDE1D007D7A002A708C /* PBXContainerItemProxy */;
		};
/* End PBXTargetDependency section */

/* Begin PBXVariantGroup section */
		969FECC51D007D7A002A708C /* Main.storyboard */ = {
			isa = PBXVariantGroup;
			children = (
				969FECC61D007D7A002A708C /* Base */,
			);
			name = Main.storyboard;
			sourceTree = "<group>";
		};
		969FECCA1D007D7A002A708C /* LaunchScreen.storyboard */ = {
			isa = PBXVariantGroup;
			children = (
				969FECCB1D007D7A002A708C /* Base */,
			);
			name = LaunchScreen.storyboard;
			sourceTree = "<group>";
		};
/* End PBXVariantGroup section */

/* Begin XCBuildConfiguration section */
		969FECE41D007D7A002A708C /* Debug */ = {
			isa = XCBuildConfiguration;
			buildSettings = {
				ALWAYS_SEARCH_USER_PATHS = NO;
				CLANG_ANALYZER_NONNULL = YES;
				CLANG_CXX_LANGUAGE_STANDARD = "gnu++0x";
				CLANG_CXX_LIBRARY = "libc++";
				CLANG_ENABLE_MODULES = YES;
				CLANG_ENABLE_OBJC_ARC = YES;
				CLANG_WARN_BOOL_CONVERSION = YES;
				CLANG_WARN_CONSTANT_CONVERSION = YES;
				CLANG_WARN_DIRECT_OBJC_ISA_USAGE = YES_ERROR;
				CLANG_WARN_EMPTY_BODY = YES;
				CLANG_WARN_ENUM_CONVERSION = YES;
				CLANG_WARN_INT_CONVERSION = YES;
				CLANG_WARN_OBJC_ROOT_CLASS = YES_ERROR;
				CLANG_WARN_UNREACHABLE_CODE = YES;
				CLANG_WARN__DUPLICATE_METHOD_MATCH = YES;
				"CODE_SIGN_IDENTITY[sdk=iphoneos*]" = "iPhone Developer";
				COPY_PHASE_STRIP = NO;
				DEBUG_INFORMATION_FORMAT = dwarf;
				ENABLE_STRICT_OBJC_MSGSEND = YES;
				ENABLE_TESTABILITY = YES;
				GCC_C_LANGUAGE_STANDARD = gnu99;
				GCC_DYNAMIC_NO_PIC = NO;
				GCC_NO_COMMON_BLOCKS = YES;
				GCC_OPTIMIZATION_LEVEL = 0;
				GCC_PREPROCESSOR_DEFINITIONS = (
					"DEBUG=1",
					"$(inherited)",
				);
				GCC_WARN_64_TO_32_BIT_CONVERSION = YES;
				GCC_WARN_ABOUT_RETURN_TYPE = YES_ERROR;
				GCC_WARN_UNDECLARED_SELECTOR = YES;
				GCC_WARN_UNINITIALIZED_AUTOS = YES_AGGRESSIVE;
				GCC_WARN_UNUSED_FUNCTION = YES;
				GCC_WARN_UNUSED_VARIABLE = YES;
				IPHONEOS_DEPLOYMENT_TARGET = 9.3;
				MTL_ENABLE_DEBUG_INFO = YES;
				ONLY_ACTIVE_ARCH = YES;
				SDKROOT = iphoneos;
				SWIFT_OPTIMIZATION_LEVEL = "-Onone";
				TARGETED_DEVICE_FAMILY = "1,2";
			};
			name = Debug;
		};
		969FECE51D007D7A002A708C /* Release */ = {
			isa = XCBuildConfiguration;
			buildSettings = {
				ALWAYS_SEARCH_USER_PATHS = NO;
				CLANG_ANALYZER_NONNULL = YES;
				CLANG_CXX_LANGUAGE_STANDARD = "gnu++0x";
				CLANG_CXX_LIBRARY = "libc++";
				CLANG_ENABLE_MODULES = YES;
				CLANG_ENABLE_OBJC_ARC = YES;
				CLANG_WARN_BOOL_CONVERSION = YES;
				CLANG_WARN_CONSTANT_CONVERSION = YES;
				CLANG_WARN_DIRECT_OBJC_ISA_USAGE = YES_ERROR;
				CLANG_WARN_EMPTY_BODY = YES;
				CLANG_WARN_ENUM_CONVERSION = YES;
				CLANG_WARN_INT_CONVERSION = YES;
				CLANG_WARN_OBJC_ROOT_CLASS = YES_ERROR;
				CLANG_WARN_UNREACHABLE_CODE = YES;
				CLANG_WARN__DUPLICATE_METHOD_MATCH = YES;
				"CODE_SIGN_IDENTITY[sdk=iphoneos*]" = "iPhone Developer";
				COPY_PHASE_STRIP = NO;
				DEBUG_INFORMATION_FORMAT = "dwarf-with-dsym";
				ENABLE_NS_ASSERTIONS = NO;
				ENABLE_STRICT_OBJC_MSGSEND = YES;
				GCC_C_LANGUAGE_STANDARD = gnu99;
				GCC_NO_COMMON_BLOCKS = YES;
				GCC_WARN_64_TO_32_BIT_CONVERSION = YES;
				GCC_WARN_ABOUT_RETURN_TYPE = YES_ERROR;
				GCC_WARN_UNDECLARED_SELECTOR = YES;
				GCC_WARN_UNINITIALIZED_AUTOS = YES_AGGRESSIVE;
				GCC_WARN_UNUSED_FUNCTION = YES;
				GCC_WARN_UNUSED_VARIABLE = YES;
				IPHONEOS_DEPLOYMENT_TARGET = 9.3;
				MTL_ENABLE_DEBUG_INFO = NO;
				SDKROOT = iphoneos;
				TARGETED_DEVICE_FAMILY = "1,2";
				VALIDATE_PRODUCT = YES;
			};
			name = Release;
		};
		969FECE71D007D7A002A708C /* Debug */ = {
			isa = XCBuildConfiguration;
			baseConfigurationReference = 51184CB3BAE4372EC8C3D4F4 /* Pods-tictactoe.debug.xcconfig */;
			buildSettings = {
				ASSETCATALOG_COMPILER_APPICON_NAME = AppIcon;
				INFOPLIST_FILE = tictactoe/Info.plist;
				LD_RUNPATH_SEARCH_PATHS = "$(inherited) @executable_path/Frameworks";
				PRODUCT_BUNDLE_IDENTIFIER = com.seeout.tictactoe;
				PRODUCT_NAME = "$(TARGET_NAME)";
			};
			name = Debug;
		};
		969FECE81D007D7A002A708C /* Release */ = {
			isa = XCBuildConfiguration;
			baseConfigurationReference = 209E3B970F23C2ED116CC593 /* Pods-tictactoe.release.xcconfig */;
			buildSettings = {
				ASSETCATALOG_COMPILER_APPICON_NAME = AppIcon;
				INFOPLIST_FILE = tictactoe/Info.plist;
				LD_RUNPATH_SEARCH_PATHS = "$(inherited) @executable_path/Frameworks";
				PRODUCT_BUNDLE_IDENTIFIER = com.seeout.tictactoe;
				PRODUCT_NAME = "$(TARGET_NAME)";
			};
			name = Release;
		};
		969FECEA1D007D7A002A708C /* Debug */ = {
			isa = XCBuildConfiguration;
			baseConfigurationReference = 44FDD04E30EAC9D39EEB9298 /* Pods-tictactoeTests.debug.xcconfig */;
			buildSettings = {
				BUNDLE_LOADER = "$(TEST_HOST)";
				INFOPLIST_FILE = tictactoeTests/Info.plist;
				LD_RUNPATH_SEARCH_PATHS = "$(inherited) @executable_path/Frameworks @loader_path/Frameworks";
				PRODUCT_BUNDLE_IDENTIFIER = com.seeout.tictactoeTests;
				PRODUCT_NAME = "$(TARGET_NAME)";
				TEST_HOST = "$(BUILT_PRODUCTS_DIR)/tictactoe.app/tictactoe";
			};
			name = Debug;
		};
		969FECEB1D007D7A002A708C /* Release */ = {
			isa = XCBuildConfiguration;
			baseConfigurationReference = 765FB6917C5EC4EE1ACBA189 /* Pods-tictactoeTests.release.xcconfig */;
			buildSettings = {
				BUNDLE_LOADER = "$(TEST_HOST)";
				INFOPLIST_FILE = tictactoeTests/Info.plist;
				LD_RUNPATH_SEARCH_PATHS = "$(inherited) @executable_path/Frameworks @loader_path/Frameworks";
				PRODUCT_BUNDLE_IDENTIFIER = com.seeout.tictactoeTests;
				PRODUCT_NAME = "$(TARGET_NAME)";
				TEST_HOST = "$(BUILT_PRODUCTS_DIR)/tictactoe.app/tictactoe";
			};
			name = Release;
		};
		969FECED1D007D7A002A708C /* Debug */ = {
			isa = XCBuildConfiguration;
			baseConfigurationReference = 15AFB34903A552235FFDC768 /* Pods-tictactoeUITests.debug.xcconfig */;
			buildSettings = {
				INFOPLIST_FILE = tictactoeUITests/Info.plist;
				LD_RUNPATH_SEARCH_PATHS = "$(inherited) @executable_path/Frameworks @loader_path/Frameworks";
				PRODUCT_BUNDLE_IDENTIFIER = com.seeout.tictactoeUITests;
				PRODUCT_NAME = "$(TARGET_NAME)";
				TEST_TARGET_NAME = tictactoe;
			};
			name = Debug;
		};
		969FECEE1D007D7A002A708C /* Release */ = {
			isa = XCBuildConfiguration;
			baseConfigurationReference = CA3822EB5A29B7242F672D81 /* Pods-tictactoeUITests.release.xcconfig */;
			buildSettings = {
				INFOPLIST_FILE = tictactoeUITests/Info.plist;
				LD_RUNPATH_SEARCH_PATHS = "$(inherited) @executable_path/Frameworks @loader_path/Frameworks";
				PRODUCT_BUNDLE_IDENTIFIER = com.seeout.tictactoeUITests;
				PRODUCT_NAME = "$(TARGET_NAME)";
				TEST_TARGET_NAME = tictactoe;
			};
			name = Release;
		};
/* End XCBuildConfiguration section */

/* Begin XCConfigurationList section */
		969FECB91D007D79002A708C /* Build configuration list for PBXProject "tictactoe" */ = {
			isa = XCConfigurationList;
			buildConfigurations = (
				969FECE41D007D7A002A708C /* Debug */,
				969FECE51D007D7A002A708C /* Release */,
			);
			defaultConfigurationIsVisible = 0;
			defaultConfigurationName = Release;
		};
		969FECE61D007D7A002A708C /* Build configuration list for PBXNativeTarget "tictactoe" */ = {
			isa = XCConfigurationList;
			buildConfigurations = (
				969FECE71D007D7A002A708C /* Debug */,
				969FECE81D007D7A002A708C /* Release */,
			);
			defaultConfigurationIsVisible = 0;
			defaultConfigurationName = Release;
		};
		969FECE91D007D7A002A708C /* Build configuration list for PBXNativeTarget "tictactoeTests" */ = {
			isa = XCConfigurationList;
			buildConfigurations = (
				969FECEA1D007D7A002A708C /* Debug */,
				969FECEB1D007D7A002A708C /* Release */,
			);
			defaultConfigurationIsVisible = 0;
			defaultConfigurationName = Release;
		};
		969FECEC1D007D7A002A708C /* Build configuration list for PBXNativeTarget "tictactoeUITests" */ = {
			isa = XCConfigurationList;
			buildConfigurations = (
				969FECED1D007D7A002A708C /* Debug */,
				969FECEE1D007D7A002A708C /* Release */,
			);
			defaultConfigurationIsVisible = 0;
			defaultConfigurationName = Release;
		};
/* End XCConfigurationList section */
	};
	rootObject = 969FECB61D007D79002A708C /* Project object */;
}
